<?xml version="1.0" encoding="utf-8"?>
<Project ToolsVersion="4.0" xmlns="http://schemas.microsoft.com/developer/msbuild/2003">
  <ItemGroup>
    <Filter Include="Source Files">
      <UniqueIdentifier>{4FC737F1-C7A5-4376-A066-2A32D752A2FF}</UniqueIdentifier>
      <Extensions>cpp;c;cc;cxx;def;odl;idl;hpj;bat;asm;asmx</Extensions>
    </Filter>
    <Filter Include="Header Files">
      <UniqueIdentifier>{93995380-89BD-4b04-88EB-625FBE52EBFB}</UniqueIdentifier>
      <Extensions>h;hh;hpp;hxx;hm;inl;inc;xsd</Extensions>
    </Filter>
    <Filter Include="Resource Files">
      <UniqueIdentifier>{67DA6AB6-F800-4c08-8B7A-83BB121AAD01}</UniqueIdentifier>
      <Extensions>rc;ico;cur;bmp;dlg;rc2;rct;bin;rgs;gif;jpg;jpeg;jpe;resx;tiff;tif;png;wav;mfcribbon-ms</Extensions>
    </Filter>
  </ItemGroup>
  <ItemGroup>
    <ClCompile Include="MainWindow.cpp">
      <Filter>Source Files</Filter>
    </ClCompile>
    <ClCompile Include="ModelControl.cpp">
      <Filter>Source Files</Filter>
    </ClCompile>
    <ClCompile Include="SplashScreen.cpp">
      <Filter>Source Files</Filter>
    </ClCompile>
    <ClCompile Include="PipelineControl.cpp">
      <Filter>Source Files</Filter>
    </ClCompile>
    <ClCompile Include="PipelineMaterialControl.cpp">
      <Filter>Source Files</Filter>
    </ClCompile>
    <ClCompile Include="PipelineMaterial.cpp">
      <Filter>Source Files</Filter>
    </ClCompile>
    <ClCompile Include="PipelineGeometryControl.cpp">
      <Filter>Source Files</Filter>
    </ClCompile>
    <ClCompile Include="PipeElementCtrl.cpp">
      <Filter>Source Files</Filter>
    </ClCompile>
    <ClCompile Include="BendElementControl.cpp">
      <Filter>Source Files</Filter>
    </ClCompile>
    <ClCompile Include="ReducerElementControl.cpp">
      <Filter>Source Files</Filter>
    </ClCompile>
    <ClCompile Include="Element.cpp">
      <Filter>Source Files</Filter>
    </ClCompile>
    <ClCompile Include="OgreApp.cpp">
      <Filter>Source Files</Filter>
    </ClCompile>
    <ClCompile Include="TrackBall.cpp">
      <Filter>Source Files</Filter>
    </ClCompile>
    <ClCompile Include="ColouredRectangle2D.cpp">
      <Filter>Source Files</Filter>
    </ClCompile>
    <ClCompile Include="OgreCoordinateAxes.cpp">
      <Filter>Source Files</Filter>
    </ClCompile>
    <ClCompile Include="ViewportGrid.cpp">
      <Filter>Source Files</Filter>
    </ClCompile>
    <ClCompile Include="OgrePipelineElement.cpp">
      <Filter>Source Files</Filter>
    </ClCompile>
    <ClCompile Include="OgrePipe.cpp">
      <Filter>Source Files</Filter>
    </ClCompile>
  </ItemGroup>
  <ItemGroup>
    <ClInclude Include="MainWindow.h">
      <Filter>Header Files</Filter>
    </ClInclude>
    <ClInclude Include="ModelControl.h">
      <Filter>Header Files</Filter>
    </ClInclude>
    <ClInclude Include="PipelineControl.h">
      <Filter>Header Files</Filter>
    </ClInclude>
    <ClInclude Include="SplashScreen.h">
      <Filter>Header Files</Filter>
    </ClInclude>
    <ClInclude Include="PipelineMaterialControl.h">
      <Filter>Header Files</Filter>
    </ClInclude>
    <ClInclude Include="PipelineMaterial.h">
      <Filter>Header Files</Filter>
    </ClInclude>
    <ClInclude Include="PipelineGeometryControl.h">
      <Filter>Header Files</Filter>
    </ClInclude>
    <ClInclude Include="PipeElementCtrl.h">
      <Filter>Header Files</Filter>
    </ClInclude>
    <ClInclude Include="BendElementControl.h">
      <Filter>Header Files</Filter>
    </ClInclude>
    <ClInclude Include="ReducerElementControl.h">
      <Filter>Header Files</Filter>
    </ClInclude>
    <ClInclude Include="Element.h">
      <Filter>Header Files</Filter>
    </ClInclude>
    <ClInclude Include="OgreApp.h">
      <Filter>Header Files</Filter>
    </ClInclude>
    <ClInclude Include="TrackBall.h">
      <Filter>Header Files</Filter>
    </ClInclude>
    <ClInclude Include="ColouredRectangle2D.h">
      <Filter>Header Files</Filter>
    </ClInclude>
    <ClInclude Include="OgreCoordinateAxes.h">
      <Filter>Header Files</Filter>
    </ClInclude>
    <ClInclude Include="ViewportGrid.h">
      <Filter>Header Files</Filter>
    </ClInclude>
    <ClInclude Include="OgrePipelineElement.h">
      <Filter>Header Files</Filter>
    </ClInclude>
    <ClInclude Include="OgrePipe.h">
      <Filter>Header Files</Filter>
    </ClInclude>
  </ItemGroup>
  <ItemGroup>
    <EmbeddedResource Include="MainWindow.resx">
      <Filter>Resource Files</Filter>
    </EmbeddedResource>
    <EmbeddedResource Include="ModelControl.resx">
      <Filter>Resource Files</Filter>
    </EmbeddedResource>
    <EmbeddedResource Include="PipelineControl.resx">
      <Filter>Resource Files</Filter>
    </EmbeddedResource>
    <EmbeddedResource Include="SplashScreen.resx">
      <Filter>Resource Files</Filter>
    </EmbeddedResource>
    <EmbeddedResource Include="PipelineMaterialControl.resx">
      <Filter>Resource Files</Filter>
    </EmbeddedResource>
    <EmbeddedResource Include="PipelineGeometryControl.resx">
      <Filter>Resource Files</Filter>
    </EmbeddedResource>
    <EmbeddedResource Include="BendElementControl.resx">
      <Filter>Resource Files</Filter>
    </EmbeddedResource>
    <EmbeddedResource Include="PipeElementCtrl.resx">
      <Filter>Resource Files</Filter>
    </EmbeddedResource>
    <EmbeddedResource Include="ReducerElementControl.resx">
      <Filter>Resource Files</Filter>
    </EmbeddedResource>
  </ItemGroup>
</Project>